
Microsoft Visual Studio Solution File, Format Version 12.00
# Visual Studio 2013
VisualStudioVersion = 12.0.40629.0
MinimumVisualStudioVersion = 10.0.40219.1
Project("{FAE04EC0-301F-11D3-BF4B-00C04F79EFBC}") = "Distracey", "src\Distracey\Distracey.csproj", "{4C3A50A8-F0E2-4849-B0B7-78AFE3894963}"
EndProject
Project("{FAE04EC0-301F-11D3-BF4B-00C04F79EFBC}") = "Distracey.Log4Net", "src\Distracey.Log4Net\Distracey.Log4Net.csproj", "{F9923139-B970-4104-A58A-0B9AF7D0C4F2}"
EndProject
Project("{FAE04EC0-301F-11D3-BF4B-00C04F79EFBC}") = "Distracey.Logary", "src\Distracey.Logary\Distracey.Logary.csproj", "{5D34B8E2-102F-407A-9E87-4CED11BFF3C1}"
EndProject
Project("{FAE04EC0-301F-11D3-BF4B-00C04F79EFBC}") = "Distracey.PerformanceCounter", "src\Distracey.PerformanceCounter\Distracey.PerformanceCounter.csproj", "{E0C5C855-4B11-4132-A9AD-B0E183A454DC}"
EndProject
Project("{FAE04EC0-301F-11D3-BF4B-00C04F79EFBC}") = "Distracey.Tests", "src\Distracey.Tests\Distracey.Tests.csproj", "{042B98D7-CFA4-47CD-BEAB-E68FCEBCD44B}"
EndProject
Project("{2150E333-8FDC-42A3-9474-1A3956D46DE8}") = "Tests", "Tests", "{0F484B34-334F-4287-A7DA-1A7615A0DC58}"
EndProject
Project("{2150E333-8FDC-42A3-9474-1A3956D46DE8}") = "Examples", "Examples", "{9491B846-0EEB-47E8-8165-D82D56155373}"
EndProject
Project("{FAE04EC0-301F-11D3-BF4B-00C04F79EFBC}") = "Distracey.Examples.Website", "src\Distracey.Examples.Website\Distracey.Examples.Website.csproj", "{EA3A1CA5-52D2-4547-B0E5-95D943DA48ED}"
EndProject
Project("{FAE04EC0-301F-11D3-BF4B-00C04F79EFBC}") = "Distracey.Examples.ServiceDepthOne", "src\Distracey.Examples.ServiceDepthOne\Distracey.Examples.ServiceDepthOne.csproj", "{643AD846-9541-4756-AFFD-735902018157}"
EndProject
Project("{FAE04EC0-301F-11D3-BF4B-00C04F79EFBC}") = "Distracey.Examples.ServiceDepthTwo", "src\Distracey.Examples.ServiceDepthTwo\Distracey.Examples.ServiceDepthTwo.csproj", "{CBF8A4C5-EC4E-4826-8041-4AB91BB54C3E}"
EndProject
Project("{FAE04EC0-301F-11D3-BF4B-00C04F79EFBC}") = "Distracey.Examples.ServiceDepthThree", "src\Distracey.Examples.ServiceDepthThree\Distracey.Examples.ServiceDepthThree.csproj", "{1413DE20-2749-4A13-8837-874C236788C4}"
EndProject
Project("{FAE04EC0-301F-11D3-BF4B-00C04F79EFBC}") = "Distracey.Monitoring", "src\Distracey.Monitoring\Distracey.Monitoring.csproj", "{A4471AEA-2368-41EA-8373-63DFD37AAC9A}"
EndProject
Project("{FAE04EC0-301F-11D3-BF4B-00C04F79EFBC}") = "Distracey.NoOperation", "src\Distracey.NoOperation\Distracey.NoOperation.csproj", "{FF6D66EF-1BA8-4A8E-A37C-F7B3A874D3AA}"
EndProject
Project("{FAE04EC0-301F-11D3-BF4B-00C04F79EFBC}") = "Distracey.Common", "src\Distracey.Common\Distracey.Common.csproj", "{176F4711-56BF-4B47-BE37-07E3BC5A7D30}"
EndProject
Project("{FAE04EC0-301F-11D3-BF4B-00C04F79EFBC}") = "Distracey.Tracking", "src\Distracey.Tracking\Distracey.Tracking.csproj", "{540E6A89-9405-4818-8E5A-0742ED770A41}"
EndProject
Project("{FAE04EC0-301F-11D3-BF4B-00C04F79EFBC}") = "Distracey.Agent.Core", "src\Distracey.Agent.Core\Distracey.Agent.Core.csproj", "{C7CA25A8-377E-47CD-A2F5-2FEFFC05E7E8}"
EndProject
Project("{FAE04EC0-301F-11D3-BF4B-00C04F79EFBC}") = "Distracey.Agent.SystemWeb", "src\Distracey.Agent.SystemWeb\Distracey.Agent.SystemWeb.csproj", "{76676001-EF79-4DD4-9DED-097DCE81124A}"
EndProject
Project("{2150E333-8FDC-42A3-9474-1A3956D46DE8}") = "Loggers", "Loggers", "{F78967D9-C143-45BD-8002-05D91C35FE02}"
EndProject
Project("{2150E333-8FDC-42A3-9474-1A3956D46DE8}") = "Agents", "Agents", "{253896DB-3741-4E7C-AB29-4FDE7651D032}"
EndProject
Project("{FAE04EC0-301F-11D3-BF4B-00C04F79EFBC}") = "Distracey.Agent.Ado", "src\Distracey.Agent.Ado\Distracey.Agent.Ado.csproj", "{4C993B73-D03A-4080-B31E-C04F23372997}"
EndProject
Global
	GlobalSection(SolutionConfigurationPlatforms) = preSolution
		Debug|Any CPU = Debug|Any CPU
		Release|Any CPU = Release|Any CPU
	EndGlobalSection
	GlobalSection(ProjectConfigurationPlatforms) = postSolution
		{4C3A50A8-F0E2-4849-B0B7-78AFE3894963}.Debug|Any CPU.ActiveCfg = Debug|Any CPU
		{4C3A50A8-F0E2-4849-B0B7-78AFE3894963}.Debug|Any CPU.Build.0 = Debug|Any CPU
		{4C3A50A8-F0E2-4849-B0B7-78AFE3894963}.Release|Any CPU.ActiveCfg = Release|Any CPU
		{4C3A50A8-F0E2-4849-B0B7-78AFE3894963}.Release|Any CPU.Build.0 = Release|Any CPU
		{F9923139-B970-4104-A58A-0B9AF7D0C4F2}.Debug|Any CPU.ActiveCfg = Debug|Any CPU
		{F9923139-B970-4104-A58A-0B9AF7D0C4F2}.Debug|Any CPU.Build.0 = Debug|Any CPU
		{F9923139-B970-4104-A58A-0B9AF7D0C4F2}.Release|Any CPU.ActiveCfg = Release|Any CPU
		{F9923139-B970-4104-A58A-0B9AF7D0C4F2}.Release|Any CPU.Build.0 = Release|Any CPU
		{5D34B8E2-102F-407A-9E87-4CED11BFF3C1}.Debug|Any CPU.ActiveCfg = Debug|Any CPU
		{5D34B8E2-102F-407A-9E87-4CED11BFF3C1}.Debug|Any CPU.Build.0 = Debug|Any CPU
		{5D34B8E2-102F-407A-9E87-4CED11BFF3C1}.Release|Any CPU.ActiveCfg = Release|Any CPU
		{5D34B8E2-102F-407A-9E87-4CED11BFF3C1}.Release|Any CPU.Build.0 = Release|Any CPU
		{E0C5C855-4B11-4132-A9AD-B0E183A454DC}.Debug|Any CPU.ActiveCfg = Debug|Any CPU
		{E0C5C855-4B11-4132-A9AD-B0E183A454DC}.Debug|Any CPU.Build.0 = Debug|Any CPU
		{E0C5C855-4B11-4132-A9AD-B0E183A454DC}.Release|Any CPU.ActiveCfg = Release|Any CPU
		{E0C5C855-4B11-4132-A9AD-B0E183A454DC}.Release|Any CPU.Build.0 = Release|Any CPU
		{042B98D7-CFA4-47CD-BEAB-E68FCEBCD44B}.Debug|Any CPU.ActiveCfg = Debug|Any CPU
		{042B98D7-CFA4-47CD-BEAB-E68FCEBCD44B}.Debug|Any CPU.Build.0 = Debug|Any CPU
		{042B98D7-CFA4-47CD-BEAB-E68FCEBCD44B}.Release|Any CPU.ActiveCfg = Release|Any CPU
		{042B98D7-CFA4-47CD-BEAB-E68FCEBCD44B}.Release|Any CPU.Build.0 = Release|Any CPU
		{EA3A1CA5-52D2-4547-B0E5-95D943DA48ED}.Debug|Any CPU.ActiveCfg = Debug|Any CPU
		{EA3A1CA5-52D2-4547-B0E5-95D943DA48ED}.Debug|Any CPU.Build.0 = Debug|Any CPU
		{EA3A1CA5-52D2-4547-B0E5-95D943DA48ED}.Release|Any CPU.ActiveCfg = Release|Any CPU
		{EA3A1CA5-52D2-4547-B0E5-95D943DA48ED}.Release|Any CPU.Build.0 = Release|Any CPU
		{643AD846-9541-4756-AFFD-735902018157}.Debug|Any CPU.ActiveCfg = Debug|Any CPU
		{643AD846-9541-4756-AFFD-735902018157}.Debug|Any CPU.Build.0 = Debug|Any CPU
		{643AD846-9541-4756-AFFD-735902018157}.Release|Any CPU.ActiveCfg = Release|Any CPU
		{643AD846-9541-4756-AFFD-735902018157}.Release|Any CPU.Build.0 = Release|Any CPU
		{CBF8A4C5-EC4E-4826-8041-4AB91BB54C3E}.Debug|Any CPU.ActiveCfg = Debug|Any CPU
		{CBF8A4C5-EC4E-4826-8041-4AB91BB54C3E}.Debug|Any CPU.Build.0 = Debug|Any CPU
		{CBF8A4C5-EC4E-4826-8041-4AB91BB54C3E}.Release|Any CPU.ActiveCfg = Release|Any CPU
		{CBF8A4C5-EC4E-4826-8041-4AB91BB54C3E}.Release|Any CPU.Build.0 = Release|Any CPU
		{1413DE20-2749-4A13-8837-874C236788C4}.Debug|Any CPU.ActiveCfg = Debug|Any CPU
		{1413DE20-2749-4A13-8837-874C236788C4}.Debug|Any CPU.Build.0 = Debug|Any CPU
		{1413DE20-2749-4A13-8837-874C236788C4}.Release|Any CPU.ActiveCfg = Release|Any CPU
		{1413DE20-2749-4A13-8837-874C236788C4}.Release|Any CPU.Build.0 = Release|Any CPU
		{A4471AEA-2368-41EA-8373-63DFD37AAC9A}.Debug|Any CPU.ActiveCfg = Debug|Any CPU
		{A4471AEA-2368-41EA-8373-63DFD37AAC9A}.Debug|Any CPU.Build.0 = Debug|Any CPU
		{A4471AEA-2368-41EA-8373-63DFD37AAC9A}.Release|Any CPU.ActiveCfg = Release|Any CPU
		{A4471AEA-2368-41EA-8373-63DFD37AAC9A}.Release|Any CPU.Build.0 = Release|Any CPU
		{FF6D66EF-1BA8-4A8E-A37C-F7B3A874D3AA}.Debug|Any CPU.ActiveCfg = Debug|Any CPU
		{FF6D66EF-1BA8-4A8E-A37C-F7B3A874D3AA}.Debug|Any CPU.Build.0 = Debug|Any CPU
		{FF6D66EF-1BA8-4A8E-A37C-F7B3A874D3AA}.Release|Any CPU.ActiveCfg = Release|Any CPU
		{FF6D66EF-1BA8-4A8E-A37C-F7B3A874D3AA}.Release|Any CPU.Build.0 = Release|Any CPU
		{176F4711-56BF-4B47-BE37-07E3BC5A7D30}.Debug|Any CPU.ActiveCfg = Debug|Any CPU
		{176F4711-56BF-4B47-BE37-07E3BC5A7D30}.Debug|Any CPU.Build.0 = Debug|Any CPU
		{176F4711-56BF-4B47-BE37-07E3BC5A7D30}.Release|Any CPU.ActiveCfg = Release|Any CPU
		{176F4711-56BF-4B47-BE37-07E3BC5A7D30}.Release|Any CPU.Build.0 = Release|Any CPU
		{540E6A89-9405-4818-8E5A-0742ED770A41}.Debug|Any CPU.ActiveCfg = Debug|Any CPU
		{540E6A89-9405-4818-8E5A-0742ED770A41}.Debug|Any CPU.Build.0 = Debug|Any CPU
		{540E6A89-9405-4818-8E5A-0742ED770A41}.Release|Any CPU.ActiveCfg = Release|Any CPU
		{540E6A89-9405-4818-8E5A-0742ED770A41}.Release|Any CPU.Build.0 = Release|Any CPU
		{C7CA25A8-377E-47CD-A2F5-2FEFFC05E7E8}.Debug|Any CPU.ActiveCfg = Debug|Any CPU
		{C7CA25A8-377E-47CD-A2F5-2FEFFC05E7E8}.Debug|Any CPU.Build.0 = Debug|Any CPU
		{C7CA25A8-377E-47CD-A2F5-2FEFFC05E7E8}.Release|Any CPU.ActiveCfg = Release|Any CPU
		{C7CA25A8-377E-47CD-A2F5-2FEFFC05E7E8}.Release|Any CPU.Build.0 = Release|Any CPU
		{76676001-EF79-4DD4-9DED-097DCE81124A}.Debug|Any CPU.ActiveCfg = Debug|Any CPU
		{76676001-EF79-4DD4-9DED-097DCE81124A}.Debug|Any CPU.Build.0 = Debug|Any CPU
		{76676001-EF79-4DD4-9DED-097DCE81124A}.Release|Any CPU.ActiveCfg = Release|Any CPU
		{76676001-EF79-4DD4-9DED-097DCE81124A}.Release|Any CPU.Build.0 = Release|Any CPU
		{4C993B73-D03A-4080-B31E-C04F23372997}.Debug|Any CPU.ActiveCfg = Debug|Any CPU
		{4C993B73-D03A-4080-B31E-C04F23372997}.Debug|Any CPU.Build.0 = Debug|Any CPU
		{4C993B73-D03A-4080-B31E-C04F23372997}.Release|Any CPU.ActiveCfg = Release|Any CPU
		{4C993B73-D03A-4080-B31E-C04F23372997}.Release|Any CPU.Build.0 = Release|Any CPU
	EndGlobalSection
	GlobalSection(SolutionProperties) = preSolution
		HideSolutionNode = FALSE
	EndGlobalSection
	GlobalSection(NestedProjects) = preSolution
		{F9923139-B970-4104-A58A-0B9AF7D0C4F2} = {F78967D9-C143-45BD-8002-05D91C35FE02}
		{5D34B8E2-102F-407A-9E87-4CED11BFF3C1} = {F78967D9-C143-45BD-8002-05D91C35FE02}
		{E0C5C855-4B11-4132-A9AD-B0E183A454DC} = {F78967D9-C143-45BD-8002-05D91C35FE02}
		{042B98D7-CFA4-47CD-BEAB-E68FCEBCD44B} = {0F484B34-334F-4287-A7DA-1A7615A0DC58}
		{EA3A1CA5-52D2-4547-B0E5-95D943DA48ED} = {9491B846-0EEB-47E8-8165-D82D56155373}
		{643AD846-9541-4756-AFFD-735902018157} = {9491B846-0EEB-47E8-8165-D82D56155373}
		{CBF8A4C5-EC4E-4826-8041-4AB91BB54C3E} = {9491B846-0EEB-47E8-8165-D82D56155373}
		{1413DE20-2749-4A13-8837-874C236788C4} = {9491B846-0EEB-47E8-8165-D82D56155373}
		{FF6D66EF-1BA8-4A8E-A37C-F7B3A874D3AA} = {F78967D9-C143-45BD-8002-05D91C35FE02}
		{C7CA25A8-377E-47CD-A2F5-2FEFFC05E7E8} = {253896DB-3741-4E7C-AB29-4FDE7651D032}
		{76676001-EF79-4DD4-9DED-097DCE81124A} = {253896DB-3741-4E7C-AB29-4FDE7651D032}
	EndGlobalSection
EndGlobal
